
Microsoft Visual Studio Solution File, Format Version 12.00
# Visual Studio 15
VisualStudioVersion = 15.0.27428.2015
MinimumVisualStudioVersion = 10.0.40219.1
Project("{FAE04EC0-301F-11D3-BF4B-00C04F79EFBC}") = "StockTracking", "StockTracking\StockTracking.csproj", "{686AD6FC-ACE0-4AA9-8085-8F9B9C9B9867}"
EndProject
Global
	GlobalSection(SolutionConfigurationPlatforms) = preSolution
		Debug|Any CPU = Debug|Any CPU
		Release|Any CPU = Release|Any CPU
	EndGlobalSection
	GlobalSection(ProjectConfigurationPlatforms) = postSolution
		{686AD6FC-ACE0-4AA9-8085-8F9B9C9B9867}.Debug|Any CPU.ActiveCfg = Debug|Any CPU
		{686AD6FC-ACE0-4AA9-8085-8F9B9C9B9867}.Debug|Any CPU.Build.0 = Debug|Any CPU
		{686AD6FC-ACE0-4AA9-8085-8F9B9C9B9867}.Release|Any CPU.ActiveCfg = Release|Any CPU
		{686AD6FC-ACE0-4AA9-8085-8F9B9C9B9867}.Release|Any CPU.Build.0 = Release|Any CPU
	EndGlobalSection
	GlobalSection(SolutionProperties) = preSolution
		HideSolutionNode = FALSE
	EndGlobalSection
	GlobalSection(ExtensibilityGlobals) = postSolution
		SolutionGuid = {D6FA50F6-FA78-4C40-B11E-1BC6D4F7A163}
	EndGlobalSection
EndGlobal
